
Microsoft Visual Studio Solution File, Format Version 12.00
# Visual Studio Version 17
VisualStudioVersion = 17.11.35312.102
MinimumVisualStudioVersion = 10.0.40219.1
Project("{FAE04EC0-301F-11D3-BF4B-00C04F79EFBC}") = "Generic Type, Generic Collections", "Generic Type, Generic Collections\Generic Type, Generic Collections.csproj", "{C05ADC91-0CFB-4604-90FD-3CFB22FBF3E1}"
EndProject
Global
	GlobalSection(SolutionConfigurationPlatforms) = preSolution
		Debug|Any CPU = Debug|Any CPU
		Release|Any CPU = Release|Any CPU
	EndGlobalSection
	GlobalSection(ProjectConfigurationPlatforms) = postSolution
		{C05ADC91-0CFB-4604-90FD-3CFB22FBF3E1}.Debug|Any CPU.ActiveCfg = Debug|Any CPU
		{C05ADC91-0CFB-4604-90FD-3CFB22FBF3E1}.Debug|Any CPU.Build.0 = Debug|Any CPU
		{C05ADC91-0CFB-4604-90FD-3CFB22FBF3E1}.Release|Any CPU.ActiveCfg = Release|Any CPU
		{C05ADC91-0CFB-4604-90FD-3CFB22FBF3E1}.Release|Any CPU.Build.0 = Release|Any CPU
	EndGlobalSection
	GlobalSection(SolutionProperties) = preSolution
		HideSolutionNode = FALSE
	EndGlobalSection
	GlobalSection(ExtensibilityGlobals) = postSolution
		SolutionGuid = {8C108CD4-0CBF-418D-A810-4A861B161139}
	EndGlobalSection
EndGlobal
